// !$*UTF8*$!
{
	archiveVersion = 1;
	classes = {
	};
	objectVersion = 46;
	objects = {

/* Begin PBXBuildFile section */
		DE36C8F21D5CD7BB00FBA521 /* AppDelegate.swift in Sources */ = {isa = PBXBuildFile; fileRef = DE36C8F11D5CD7BB00FBA521 /* AppDelegate.swift */; };
		DE36C8F41D5CD7BB00FBA521 /* ViewController.swift in Sources */ = {isa = PBXBuildFile; fileRef = DE36C8F31D5CD7BB00FBA521 /* ViewController.swift */; };
		DE36C8F71D5CD7BB00FBA521 /* Main.storyboard in Resources */ = {isa = PBXBuildFile; fileRef = DE36C8F51D5CD7BB00FBA521 /* Main.storyboard */; };
		DE36C8F91D5CD7BB00FBA521 /* Assets.xcassets in Resources */ = {isa = PBXBuildFile; fileRef = DE36C8F81D5CD7BB00FBA521 /* Assets.xcassets */; };
		DE36C8FC1D5CD7BB00FBA521 /* LaunchScreen.storyboard in Resources */ = {isa = PBXBuildFile; fileRef = DE36C8FA1D5CD7BB00FBA521 /* LaunchScreen.storyboard */; };
		DE36C9071D5CD7BC00FBA521 /* BelminTestTests.swift in Sources */ = {isa = PBXBuildFile; fileRef = DE36C9061D5CD7BC00FBA521 /* BelminTestTests.swift */; };
		DE36C9121D5CD7BC00FBA521 /* BelminTestUITests.swift in Sources */ = {isa = PBXBuildFile; fileRef = DE36C9111D5CD7BC00FBA521 /* BelminTestUITests.swift */; };
/* End PBXBuildFile section */

/* Begin PBXContainerItemProxy section */
		DE36C9031D5CD7BB00FBA521 /* PBXContainerItemProxy */ = {
			isa = PBXContainerItemProxy;
			containerPortal = DE36C8E61D5CD7BB00FBA521 /* Project object */;
			proxyType = 1;
			remoteGlobalIDString = DE36C8ED1D5CD7BB00FBA521;
			remoteInfo = BelminTest;
		};
		DE36C90E1D5CD7BC00FBA521 /* PBXContainerItemProxy */ = {
			isa = PBXContainerItemProxy;
			containerPortal = DE36C8E61D5CD7BB00FBA521 /* Project object */;
			proxyType = 1;
			remoteGlobalIDString = DE36C8ED1D5CD7BB00FBA521;
			remoteInfo = BelminTest;
		};
/* End PBXContainerItemProxy section */

/* Begin PBXFileReference section */
		DE36C8EE1D5CD7BB00FBA521 /* BelminTest.app */ = {isa = PBXFileReference; explicitFileType = wrapper.application; includeInIndex = 0; path = BelminTest.app; sourceTree = BUILT_PRODUCTS_DIR; };
		DE36C8F11D5CD7BB00FBA521 /* AppDelegate.swift */ = {isa = PBXFileReference; lastKnownFileType = sourcecode.swift; path = AppDelegate.swift; sourceTree = "<group>"; };
		DE36C8F31D5CD7BB00FBA521 /* ViewController.swift */ = {isa = PBXFileReference; lastKnownFileType = sourcecode.swift; path = ViewController.swift; sourceTree = "<group>"; };
		DE36C8F61D5CD7BB00FBA521 /* Base */ = {isa = PBXFileReference; lastKnownFileType = file.storyboard; name = Base; path = Base.lproj/Main.storyboard; sourceTree = "<group>"; };
		DE36C8F81D5CD7BB00FBA521 /* Assets.xcassets */ = {isa = PBXFileReference; lastKnownFileType = folder.assetcatalog; path = Assets.xcassets; sourceTree = "<group>"; };
		DE36C8FB1D5CD7BB00FBA521 /* Base */ = {isa = PBXFileReference; lastKnownFileType = file.storyboard; name = Base; path = Base.lproj/LaunchScreen.storyboard; sourceTree = "<group>"; };
		DE36C8FD1D5CD7BB00FBA521 /* Info.plist */ = {isa = PBXFileReference; lastKnownFileType = text.plist.xml; path = Info.plist; sourceTree = "<group>"; };
		DE36C9021D5CD7BB00FBA521 /* BelminTestTests.xctest */ = {isa = PBXFileReference; explicitFileType = wrapper.cfbundle; includeInIndex = 0; path = BelminTestTests.xctest; sourceTree = BUILT_PRODUCTS_DIR; };
		DE36C9061D5CD7BC00FBA521 /* BelminTestTests.swift */ = {isa = PBXFileReference; lastKnownFileType = sourcecode.swift; path = BelminTestTests.swift; sourceTree = "<group>"; };
		DE36C9081D5CD7BC00FBA521 /* Info.plist */ = {isa = PBXFileReference; lastKnownFileType = text.plist.xml; path = Info.plist; sourceTree = "<group>"; };
		DE36C90D1D5CD7BC00FBA521 /* BelminTestUITests.xctest */ = {isa = PBXFileReference; explicitFileType = wrapper.cfbundle; includeInIndex = 0; path = BelminTestUITests.xctest; sourceTree = BUILT_PRODUCTS_DIR; };
		DE36C9111D5CD7BC00FBA521 /* BelminTestUITests.swift */ = {isa = PBXFileReference; lastKnownFileType = sourcecode.swift; path = BelminTestUITests.swift; sourceTree = "<group>"; };
		DE36C9131D5CD7BC00FBA521 /* Info.plist */ = {isa = PBXFileReference; lastKnownFileType = text.plist.xml; path = Info.plist; sourceTree = "<group>"; };
/* End PBXFileReference section */

/* Begin PBXFrameworksBuildPhase section */
		DE36C8EB1D5CD7BB00FBA521 /* Frameworks */ = {
			isa = PBXFrameworksBuildPhase;
			buildActionMask = 2147483647;
			files = (
			);
			runOnlyForDeploymentPostprocessing = 0;
		};
		DE36C8FF1D5CD7BB00FBA521 /* Frameworks */ = {
			isa = PBXFrameworksBuildPhase;
			buildActionMask = 2147483647;
			files = (
			);
			runOnlyForDeploymentPostprocessing = 0;
		};
		DE36C90A1D5CD7BC00FBA521 /* Frameworks */ = {
			isa = PBXFrameworksBuildPhase;
			buildActionMask = 2147483647;
			files = (
			);
			runOnlyForDeploymentPostprocessing = 0;
		};
/* End PBXFrameworksBuildPhase section */

/* Begin PBXGroup section */
		DE36C8E51D5CD7BB00FBA521 = {
			isa = PBXGroup;
			children = (
				DE36C8F01D5CD7BB00FBA521 /* BelminTest */,
				DE36C9051D5CD7BC00FBA521 /* BelminTestTests */,
				DE36C9101D5CD7BC00FBA521 /* BelminTestUITests */,
				DE36C8EF1D5CD7BB00FBA521 /* Products */,
			);
			sourceTree = "<group>";
		};
		DE36C8EF1D5CD7BB00FBA521 /* Products */ = {
			isa = PBXGroup;
			children = (
				DE36C8EE1D5CD7BB00FBA521 /* BelminTest.app */,
				DE36C9021D5CD7BB00FBA521 /* BelminTestTests.xctest */,
				DE36C90D1D5CD7BC00FBA521 /* BelminTestUITests.xctest */,
			);
			name = Products;
			sourceTree = "<group>";
		};
		DE36C8F01D5CD7BB00FBA521 /* BelminTest */ = {
			isa = PBXGroup;
			children = (
				DE36C8F11D5CD7BB00FBA521 /* AppDelegate.swift */,
				DE36C8F31D5CD7BB00FBA521 /* ViewController.swift */,
				DE36C8F51D5CD7BB00FBA521 /* Main.storyboard */,
				DE36C8F81D5CD7BB00FBA521 /* Assets.xcassets */,
				DE36C8FA1D5CD7BB00FBA521 /* LaunchScreen.storyboard */,
				DE36C8FD1D5CD7BB00FBA521 /* Info.plist */,
			);
			path = BelminTest;
			sourceTree = "<group>";
		};
		DE36C9051D5CD7BC00FBA521 /* BelminTestTests */ = {
			isa = PBXGroup;
			children = (
				DE36C9061D5CD7BC00FBA521 /* BelminTestTests.swift */,
				DE36C9081D5CD7BC00FBA521 /* Info.plist */,
			);
			path = BelminTestTests;
			sourceTree = "<group>";
		};
		DE36C9101D5CD7BC00FBA521 /* BelminTestUITests */ = {
			isa = PBXGroup;
			children = (
				DE36C9111D5CD7BC00FBA521 /* BelminTestUITests.swift */,
				DE36C9131D5CD7BC00FBA521 /* Info.plist */,
			);
			path = BelminTestUITests;
			sourceTree = "<group>";
		};
/* End PBXGroup section */

/* Begin PBXNativeTarget section */
		DE36C8ED1D5CD7BB00FBA521 /* BelminTest */ = {
			isa = PBXNativeTarget;
			buildConfigurationList = DE36C9161D5CD7BC00FBA521 /* Build configuration list for PBXNativeTarget "BelminTest" */;
			buildPhases = (
				DE36C8EA1D5CD7BB00FBA521 /* Sources */,
				DE36C8EB1D5CD7BB00FBA521 /* Frameworks */,
				DE36C8EC1D5CD7BB00FBA521 /* Resources */,
			);
			buildRules = (
			);
			dependencies = (
			);
			name = BelminTest;
			productName = BelminTest;
			productReference = DE36C8EE1D5CD7BB00FBA521 /* BelminTest.app */;
			productType = "com.apple.product-type.application";
		};
		DE36C9011D5CD7BB00FBA521 /* BelminTestTests */ = {
			isa = PBXNativeTarget;
			buildConfigurationList = DE36C9191D5CD7BC00FBA521 /* Build configuration list for PBXNativeTarget "BelminTestTests" */;
			buildPhases = (
				DE36C8FE1D5CD7BB00FBA521 /* Sources */,
				DE36C8FF1D5CD7BB00FBA521 /* Frameworks */,
				DE36C9001D5CD7BB00FBA521 /* Resources */,
			);
			buildRules = (
			);
			dependencies = (
				DE36C9041D5CD7BB00FBA521 /* PBXTargetDependency */,
			);
			name = BelminTestTests;
			productName = BelminTestTests;
			productReference = DE36C9021D5CD7BB00FBA521 /* BelminTestTests.xctest */;
			productType = "com.apple.product-type.bundle.unit-test";
		};
		DE36C90C1D5CD7BC00FBA521 /* BelminTestUITests */ = {
			isa = PBXNativeTarget;
			buildConfigurationList = DE36C91C1D5CD7BC00FBA521 /* Build configuration list for PBXNativeTarget "BelminTestUITests" */;
			buildPhases = (
				DE36C9091D5CD7BC00FBA521 /* Sources */,
				DE36C90A1D5CD7BC00FBA521 /* Frameworks */,
				DE36C90B1D5CD7BC00FBA521 /* Resources */,
			);
			buildRules = (
			);
			dependencies = (
				DE36C90F1D5CD7BC00FBA521 /* PBXTargetDependency */,
			);
			name = BelminTestUITests;
			productName = BelminTestUITests;
			productReference = DE36C90D1D5CD7BC00FBA521 /* BelminTestUITests.xctest */;
			productType = "com.apple.product-type.bundle.ui-testing";
		};
/* End PBXNativeTarget section */

/* Begin PBXProject section */
		DE36C8E61D5CD7BB00FBA521 /* Project object */ = {
			isa = PBXProject;
			attributes = {
				LastSwiftUpdateCheck = 0730;
				LastUpgradeCheck = 0730;
				ORGANIZATIONNAME = "Belmin Salkica";
				TargetAttributes = {
					DE36C8ED1D5CD7BB00FBA521 = {
						CreatedOnToolsVersion = 7.3.1;
					};
					DE36C9011D5CD7BB00FBA521 = {
						CreatedOnToolsVersion = 7.3.1;
						TestTargetID = DE36C8ED1D5CD7BB00FBA521;
					};
					DE36C90C1D5CD7BC00FBA521 = {
						CreatedOnToolsVersion = 7.3.1;
						TestTargetID = DE36C8ED1D5CD7BB00FBA521;
					};
				};
			};
			buildConfigurationList = DE36C8E91D5CD7BB00FBA521 /* Build configuration list for PBXProject "BelminTest" */;
			compatibilityVersion = "Xcode 3.2";
			developmentRegion = English;
			hasScannedForEncodings = 0;
			knownRegions = (
				en,
				Base,
			);
			mainGroup = DE36C8E51D5CD7BB00FBA521;
			productRefGroup = DE36C8EF1D5CD7BB00FBA521 /* Products */;
			projectDirPath = "";
			projectRoot = "";
			targets = (
				DE36C8ED1D5CD7BB00FBA521 /* BelminTest */,
				DE36C9011D5CD7BB00FBA521 /* BelminTestTests */,
				DE36C90C1D5CD7BC00FBA521 /* BelminTestUITests */,
			);
		};
/* End PBXProject section */

/* Begin PBXResourcesBuildPhase section */
		DE36C8EC1D5CD7BB00FBA521 /* Resources */ = {
			isa = PBXResourcesBuildPhase;
			buildActionMask = 2147483647;
			files = (
				DE36C8FC1D5CD7BB00FBA521 /* LaunchScreen.storyboard in Resources */,
				DE36C8F91D5CD7BB00FBA521 /* Assets.xcassets in Resources */,
				DE36C8F71D5CD7BB00FBA521 /* Main.storyboard in Resources */,
			);
			runOnlyForDeploymentPostprocessing = 0;
		};
		DE36C9001D5CD7BB00FBA521 /* Resources */ = {
			isa = PBXResourcesBuildPhase;
			buildActionMask = 2147483647;
			files = (
			);
			runOnlyForDeploymentPostprocessing = 0;
		};
		DE36C90B1D5CD7BC00FBA521 /* Resources */ = {
			isa = PBXResourcesBuildPhase;
			buildActionMask = 2147483647;
			files = (
			);
			runOnlyForDeploymentPostprocessing = 0;
		};
/* End PBXResourcesBuildPhase section */

/* Begin PBXSourcesBuildPhase section */
		DE36C8EA1D5CD7BB00FBA521 /* Sources */ = {
			isa = PBXSourcesBuildPhase;
			buildActionMask = 2147483647;
			files = (
				DE36C8F41D5CD7BB00FBA521 /* ViewController.swift in Sources */,
				DE36C8F21D5CD7BB00FBA521 /* AppDelegate.swift in Sources */,
			);
			runOnlyForDeploymentPostprocessing = 0;
		};
		DE36C8FE1D5CD7BB00FBA521 /* Sources */ = {
			isa = PBXSourcesBuildPhase;
			buildActionMask = 2147483647;
			files = (
				DE36C9071D5CD7BC00FBA521 /* BelminTestTests.swift in Sources */,
			);
			runOnlyForDeploymentPostprocessing = 0;
		};
		DE36C9091D5CD7BC00FBA521 /* Sources */ = {
			isa = PBXSourcesBuildPhase;
			buildActionMask = 2147483647;
			files = (
				DE36C9121D5CD7BC00FBA521 /* BelminTestUITests.swift in Sources */,
			);
			runOnlyForDeploymentPostprocessing = 0;
		};
/* End PBXSourcesBuildPhase section */

/* Begin PBXTargetDependency section */
		DE36C9041D5CD7BB00FBA521 /* PBXTargetDependency */ = {
			isa = PBXTargetDependency;
			target = DE36C8ED1D5CD7BB00FBA521 /* BelminTest */;
			targetProxy = DE36C9031D5CD7BB00FBA521 /* PBXContainerItemProxy */;
		};
		DE36C90F1D5CD7BC00FBA521 /* PBXTargetDependency */ = {
			isa = PBXTargetDependency;
			target = DE36C8ED1D5CD7BB00FBA521 /* BelminTest */;
			targetProxy = DE36C90E1D5CD7BC00FBA521 /* PBXContainerItemProxy */;
		};
/* End PBXTargetDependency section */

/* Begin PBXVariantGroup section */
		DE36C8F51D5CD7BB00FBA521 /* Main.storyboard */ = {
			isa = PBXVariantGroup;
			children = (
				DE36C8F61D5CD7BB00FBA521 /* Base */,
			);
			name = Main.storyboard;
			sourceTree = "<group>";
		};
		DE36C8FA1D5CD7BB00FBA521 /* LaunchScreen.storyboard */ = {
			isa = PBXVariantGroup;
			children = (
				DE36C8FB1D5CD7BB00FBA521 /* Base */,
			);
			name = LaunchScreen.storyboard;
			sourceTree = "<group>";
		};
/* End PBXVariantGroup section */

/* Begin XCBuildConfiguration section */
		DE36C9141D5CD7BC00FBA521 /* Debug */ = {
			isa = XCBuildConfiguration;
			buildSettings = {
				ALWAYS_SEARCH_USER_PATHS = NO;
				CLANG_ANALYZER_NONNULL = YES;
				CLANG_CXX_LANGUAGE_STANDARD = "gnu++0x";
				CLANG_CXX_LIBRARY = "libc++";
				CLANG_ENABLE_MODULES = YES;
				CLANG_ENABLE_OBJC_ARC = YES;
				CLANG_WARN_BOOL_CONVERSION = YES;
				CLANG_WARN_CONSTANT_CONVERSION = YES;
				CLANG_WARN_DIRECT_OBJC_ISA_USAGE = YES_ERROR;
				CLANG_WARN_EMPTY_BODY = YES;
				CLANG_WARN_ENUM_CONVERSION = YES;
				CLANG_WARN_INT_CONVERSION = YES;
				CLANG_WARN_OBJC_ROOT_CLASS = YES_ERROR;
				CLANG_WARN_UNREACHABLE_CODE = YES;
				CLANG_WARN__DUPLICATE_METHOD_MATCH = YES;
				"CODE_SIGN_IDENTITY[sdk=iphoneos*]" = "iPhone Developer";
				COPY_PHASE_STRIP = NO;
				DEBUG_INFORMATION_FORMAT = dwarf;
				ENABLE_STRICT_OBJC_MSGSEND = YES;
				ENABLE_TESTABILITY = YES;
				GCC_C_LANGUAGE_STANDARD = gnu99;
				GCC_DYNAMIC_NO_PIC = NO;
				GCC_NO_COMMON_BLOCKS = YES;
				GCC_OPTIMIZATION_LEVEL = 0;
				GCC_PREPROCESSOR_DEFINITIONS = (
					"DEBUG=1",
					"$(inherited)",
				);
				GCC_WARN_64_TO_32_BIT_CONVERSION = YES;
				GCC_WARN_ABOUT_RETURN_TYPE = YES_ERROR;
				GCC_WARN_UNDECLARED_SELECTOR = YES;
				GCC_WARN_UNINITIALIZED_AUTOS = YES_AGGRESSIVE;
				GCC_WARN_UNUSED_FUNCTION = YES;
				GCC_WARN_UNUSED_VARIABLE = YES;
				IPHONEOS_DEPLOYMENT_TARGET = 9.3;
				MTL_ENABLE_DEBUG_INFO = YES;
				ONLY_ACTIVE_ARCH = YES;
				SDKROOT = iphoneos;
				SWIFT_OPTIMIZATION_LEVEL = "-Onone";
			};
			name = Debug;
		};
		DE36C9151D5CD7BC00FBA521 /* Release */ = {
			isa = XCBuildConfiguration;
			buildSettings = {
				ALWAYS_SEARCH_USER_PATHS = NO;
				CLANG_ANALYZER_NONNULL = YES;
				CLANG_CXX_LANGUAGE_STANDARD = "gnu++0x";
				CLANG_CXX_LIBRARY = "libc++";
				CLANG_ENABLE_MODULES = YES;
				CLANG_ENABLE_OBJC_ARC = YES;
				CLANG_WARN_BOOL_CONVERSION = YES;
				CLANG_WARN_CONSTANT_CONVERSION = YES;
				CLANG_WARN_DIRECT_OBJC_ISA_USAGE = YES_ERROR;
				CLANG_WARN_EMPTY_BODY = YES;
				CLANG_WARN_ENUM_CONVERSION = YES;
				CLANG_WARN_INT_CONVERSION = YES;
				CLANG_WARN_OBJC_ROOT_CLASS = YES_ERROR;
				CLANG_WARN_UNREACHABLE_CODE = YES;
				CLANG_WARN__DUPLICATE_METHOD_MATCH = YES;
				"CODE_SIGN_IDENTITY[sdk=iphoneos*]" = "iPhone Developer";
				COPY_PHASE_STRIP = NO;
				DEBUG_INFORMATION_FORMAT = "dwarf-with-dsym";
				ENABLE_NS_ASSERTIONS = NO;
				ENABLE_STRICT_OBJC_MSGSEND = YES;
				GCC_C_LANGUAGE_STANDARD = gnu99;
				GCC_NO_COMMON_BLOCKS = YES;
				GCC_WARN_64_TO_32_BIT_CONVERSION = YES;
				GCC_WARN_ABOUT_RETURN_TYPE = YES_ERROR;
				GCC_WARN_UNDECLARED_SELECTOR = YES;
				GCC_WARN_UNINITIALIZED_AUTOS = YES_AGGRESSIVE;
				GCC_WARN_UNUSED_FUNCTION = YES;
				GCC_WARN_UNUSED_VARIABLE = YES;
				IPHONEOS_DEPLOYMENT_TARGET = 9.3;
				MTL_ENABLE_DEBUG_INFO = NO;
				SDKROOT = iphoneos;
				VALIDATE_PRODUCT = YES;
			};
			name = Release;
		};
		DE36C9171D5CD7BC00FBA521 /* Debug */ = {
			isa = XCBuildConfiguration;
			buildSettings = {
				ASSETCATALOG_COMPILER_APPICON_NAME = AppIcon;
				INFOPLIST_FILE = BelminTest/Info.plist;
				LD_RUNPATH_SEARCH_PATHS = "$(inherited) @executable_path/Frameworks";
				PRODUCT_BUNDLE_IDENTIFIER = test.BelminTest;
				PRODUCT_NAME = "$(TARGET_NAME)";
			};
			name = Debug;
		};
		DE36C9181D5CD7BC00FBA521 /* Release */ = {
			isa = XCBuildConfiguration;
			buildSettings = {
				ASSETCATALOG_COMPILER_APPICON_NAME = AppIcon;
				INFOPLIST_FILE = BelminTest/Info.plist;
				LD_RUNPATH_SEARCH_PATHS = "$(inherited) @executable_path/Frameworks";
				PRODUCT_BUNDLE_IDENTIFIER = test.BelminTest;
				PRODUCT_NAME = "$(TARGET_NAME)";
			};
			name = Release;
		};
		DE36C91A1D5CD7BC00FBA521 /* Debug */ = {
			isa = XCBuildConfiguration;
			buildSettings = {
				BUNDLE_LOADER = "$(TEST_HOST)";
				INFOPLIST_FILE = BelminTestTests/Info.plist;
				LD_RUNPATH_SEARCH_PATHS = "$(inherited) @executable_path/Frameworks @loader_path/Frameworks";
				PRODUCT_BUNDLE_IDENTIFIER = test.BelminTestTests;
				PRODUCT_NAME = "$(TARGET_NAME)";
				TEST_HOST = "$(BUILT_PRODUCTS_DIR)/BelminTest.app/BelminTest";
			};
			name = Debug;
		};
		DE36C91B1D5CD7BC00FBA521 /* Release */ = {
			isa = XCBuildConfiguration;
			buildSettings = {
				BUNDLE_LOADER = "$(TEST_HOST)";
				INFOPLIST_FILE = BelminTestTests/Info.plist;
				LD_RUNPATH_SEARCH_PATHS = "$(inherited) @executable_path/Frameworks @loader_path/Frameworks";
				PRODUCT_BUNDLE_IDENTIFIER = test.BelminTestTests;
				PRODUCT_NAME = "$(TARGET_NAME)";
				TEST_HOST = "$(BUILT_PRODUCTS_DIR)/BelminTest.app/BelminTest";
			};
			name = Release;
		};
		DE36C91D1D5CD7BC00FBA521 /* Debug */ = {
			isa = XCBuildConfiguration;
			buildSettings = {
				INFOPLIST_FILE = BelminTestUITests/Info.plist;
				LD_RUNPATH_SEARCH_PATHS = "$(inherited) @executable_path/Frameworks @loader_path/Frameworks";
				PRODUCT_BUNDLE_IDENTIFIER = test.BelminTestUITests;
				PRODUCT_NAME = "$(TARGET_NAME)";
				TEST_TARGET_NAME = BelminTest;
			};
			name = Debug;
		};
		DE36C91E1D5CD7BC00FBA521 /* Release */ = {
			isa = XCBuildConfiguration;
			buildSettings = {
				INFOPLIST_FILE = BelminTestUITests/Info.plist;
				LD_RUNPATH_SEARCH_PATHS = "$(inherited) @executable_path/Frameworks @loader_path/Frameworks";
				PRODUCT_BUNDLE_IDENTIFIER = test.BelminTestUITests;
				PRODUCT_NAME = "$(TARGET_NAME)";
				TEST_TARGET_NAME = BelminTest;
			};
			name = Release;
		};
/* End XCBuildConfiguration section */

/* Begin XCConfigurationList section */
		DE36C8E91D5CD7BB00FBA521 /* Build configuration list for PBXProject "BelminTest" */ = {
			isa = XCConfigurationList;
			buildConfigurations = (
				DE36C9141D5CD7BC00FBA521 /* Debug */,
				DE36C9151D5CD7BC00FBA521 /* Release */,
			);
			defaultConfigurationIsVisible = 0;
			defaultConfigurationName = Release;
		};
		DE36C9161D5CD7BC00FBA521 /* Build configuration list for PBXNativeTarget "BelminTest" */ = {
			isa = XCConfigurationList;
			buildConfigurations = (
				DE36C9171D5CD7BC00FBA521 /* Debug */,
				DE36C9181D5CD7BC00FBA521 /* Release */,
			);
			defaultConfigurationIsVisible = 0;
		};
		DE36C9191D5CD7BC00FBA521 /* Build configuration list for PBXNativeTarget "BelminTestTests" */ = {
			isa = XCConfigurationList;
			buildConfigurations = (
				DE36C91A1D5CD7BC00FBA521 /* Debug */,
				DE36C91B1D5CD7BC00FBA521 /* Release */,
			);
			defaultConfigurationIsVisible = 0;
		};
		DE36C91C1D5CD7BC00FBA521 /* Build configuration list for PBXNativeTarget "BelminTestUITests" */ = {
			isa = XCConfigurationList;
			buildConfigurations = (
				DE36C91D1D5CD7BC00FBA521 /* Debug */,
				DE36C91E1D5CD7BC00FBA521 /* Release */,
			);
			defaultConfigurationIsVisible = 0;
		};
/* End XCConfigurationList section */
	};
	rootObject = DE36C8E61D5CD7BB00FBA521 /* Project object */;
}
